
Microsoft Visual Studio Solution File, Format Version 12.00
# Visual Studio Version 17
VisualStudioVersion = 17.11.35312.102
MinimumVisualStudioVersion = 10.0.40219.1
Project("{FAE04EC0-301F-11D3-BF4B-00C04F79EFBC}") = "Week2Finale", "Week2Finale.csproj", "{E91D82C9-19FE-40D6-BDEA-DCB70E8E5D2D}"
EndProject
Global
	GlobalSection(SolutionConfigurationPlatforms) = preSolution
		Debug|Any CPU = Debug|Any CPU
		Release|Any CPU = Release|Any CPU
	EndGlobalSection
	GlobalSection(ProjectConfigurationPlatforms) = postSolution
		{E91D82C9-19FE-40D6-BDEA-DCB70E8E5D2D}.Debug|Any CPU.ActiveCfg = Debug|Any CPU
		{E91D82C9-19FE-40D6-BDEA-DCB70E8E5D2D}.Debug|Any CPU.Build.0 = Debug|Any CPU
		{E91D82C9-19FE-40D6-BDEA-DCB70E8E5D2D}.Release|Any CPU.ActiveCfg = Release|Any CPU
		{E91D82C9-19FE-40D6-BDEA-DCB70E8E5D2D}.Release|Any CPU.Build.0 = Release|Any CPU
	EndGlobalSection
	GlobalSection(SolutionProperties) = preSolution
		HideSolutionNode = FALSE
	EndGlobalSection
	GlobalSection(ExtensibilityGlobals) = postSolution
		SolutionGuid = {574AC331-F8E5-492D-9E1E-58F9559D86CB}
	EndGlobalSection
EndGlobal
